
Microsoft Visual Studio Solution File, Format Version 12.00
# Visual Studio Version 16
VisualStudioVersion = 16.0.29920.165
MinimumVisualStudioVersion = 10.0.40219.1
Project("{FAE04EC0-301F-11D3-BF4B-00C04F79EFBC}") = "DataManager", "DataManager\DataManager.csproj", "{69DF5D59-D93C-41CD-9F8C-C8EE5DAE953D}"
EndProject
Global
	GlobalSection(SolutionConfigurationPlatforms) = preSolution
		Debug|Any CPU = Debug|Any CPU
		Release|Any CPU = Release|Any CPU
	EndGlobalSection
	GlobalSection(ProjectConfigurationPlatforms) = postSolution
		{69DF5D59-D93C-41CD-9F8C-C8EE5DAE953D}.Debug|Any CPU.ActiveCfg = Debug|Any CPU
		{69DF5D59-D93C-41CD-9F8C-C8EE5DAE953D}.Debug|Any CPU.Build.0 = Debug|Any CPU
		{69DF5D59-D93C-41CD-9F8C-C8EE5DAE953D}.Release|Any CPU.ActiveCfg = Release|Any CPU
		{69DF5D59-D93C-41CD-9F8C-C8EE5DAE953D}.Release|Any CPU.Build.0 = Release|Any CPU
	EndGlobalSection
	GlobalSection(SolutionProperties) = preSolution
		HideSolutionNode = FALSE
	EndGlobalSection
	GlobalSection(ExtensibilityGlobals) = postSolution
		SolutionGuid = {265A2E6B-2F41-4125-9F70-3F734C94DFBA}
	EndGlobalSection
EndGlobal
